
Microsoft Visual Studio Solution File, Format Version 12.00
# Visual Studio Version 16
VisualStudioVersion = 16.0.29519.181
MinimumVisualStudioVersion = 10.0.40219.1
Project("{FAE04EC0-301F-11D3-BF4B-00C04F79EFBC}") = "MK_CheeseMVC", "MK_CheeseMVC\MK_CheeseMVC.csproj", "{B92C995F-0D81-470D-9ED2-B36121566642}"
EndProject
Global
	GlobalSection(SolutionConfigurationPlatforms) = preSolution
		Debug|Any CPU = Debug|Any CPU
		Release|Any CPU = Release|Any CPU
	EndGlobalSection
	GlobalSection(ProjectConfigurationPlatforms) = postSolution
		{B92C995F-0D81-470D-9ED2-B36121566642}.Debug|Any CPU.ActiveCfg = Debug|Any CPU
		{B92C995F-0D81-470D-9ED2-B36121566642}.Debug|Any CPU.Build.0 = Debug|Any CPU
		{B92C995F-0D81-470D-9ED2-B36121566642}.Release|Any CPU.ActiveCfg = Release|Any CPU
		{B92C995F-0D81-470D-9ED2-B36121566642}.Release|Any CPU.Build.0 = Release|Any CPU
	EndGlobalSection
	GlobalSection(SolutionProperties) = preSolution
		HideSolutionNode = FALSE
	EndGlobalSection
	GlobalSection(ExtensibilityGlobals) = postSolution
		SolutionGuid = {0FA2B109-9333-47BC-BB18-98FAD5FC9E22}
	EndGlobalSection
EndGlobal
