
Microsoft Visual Studio Solution File, Format Version 12.00
# Visual Studio Version 16
VisualStudioVersion = 16.0.29519.181
MinimumVisualStudioVersion = 10.0.40219.1
Project("{FAE04EC0-301F-11D3-BF4B-00C04F79EFBC}") = "CheeseMVC", "CheeseMVC\CheeseMVC.csproj", "{1762CCEE-1DB5-45AF-AE31-B22E717D7DC8}"
EndProject
Global
	GlobalSection(SolutionConfigurationPlatforms) = preSolution
		Debug|Any CPU = Debug|Any CPU
		Release|Any CPU = Release|Any CPU
	EndGlobalSection
	GlobalSection(ProjectConfigurationPlatforms) = postSolution
		{1762CCEE-1DB5-45AF-AE31-B22E717D7DC8}.Debug|Any CPU.ActiveCfg = Debug|Any CPU
		{1762CCEE-1DB5-45AF-AE31-B22E717D7DC8}.Debug|Any CPU.Build.0 = Debug|Any CPU
		{1762CCEE-1DB5-45AF-AE31-B22E717D7DC8}.Release|Any CPU.ActiveCfg = Release|Any CPU
		{1762CCEE-1DB5-45AF-AE31-B22E717D7DC8}.Release|Any CPU.Build.0 = Release|Any CPU
	EndGlobalSection
	GlobalSection(SolutionProperties) = preSolution
		HideSolutionNode = FALSE
	EndGlobalSection
	GlobalSection(ExtensibilityGlobals) = postSolution
		SolutionGuid = {DBE8A045-05DF-452A-A3C0-0984CDDCF646}
	EndGlobalSection
EndGlobal
